# THIS IS AN AUTOGENERATED FILE. DO NOT EDIT THIS FILE DIRECTLY.
# yarn lockfile v1


"@kasik182/randomid-generator2@^1.0.0":
  version "1.0.0"
  resolved "https://registry.yarnpkg.com/@kasik182/randomid-generator2/-/randomid-generator2-1.0.0.tgz#7b6c7b4aed10845694ed5cb63702ca78039e6154"
  integrity sha512-KVCVXoss+228uJTsKbulQralNw64H4/zXxYuObej3arJbl+skG9izrLCQNFWWg7oNLTkz6wp92HYM7/edu1laQ==

"@kasik182/randomid-generator@^1.0.0":
  version "1.0.0"
  resolved "https://registry.yarnpkg.com/@kasik182/randomid-generator/-/randomid-generator-1.0.0.tgz#ee3dd00b0359556a3aadf20907350636462a6314"
  integrity sha512-vNYD9l4GUjL5U+3zqsuMICpwxdI2msP/pdKR/b5Q2o2XLhwFgwvZ98V1l65K/arBIaLdNTHkQruvnYC+5BnHxA==
